{
    "name": "react-static-block",
    "version": "1.0.0",
    "lockfileVersion": 1,
    "requires": true,
    "dependencies": {
        "@babel/runtime": {
            "version": "7.9.6",
            "resolved": "https://registry.npmjs.org/@babel/runtime/-/runtime-7.9.6.tgz",
            "integrity": "sha512-64AF1xY3OAkFHqOb9s4jpgk1Mm5vDZ4L3acHvAml+53nO1XbXLuDodsVpO4OIUsmemlUHMxNdYMNJmsvOwLrvQ==",
            "dev": true,
            "requires": {
                "regenerator-runtime": "^0.13.4"
            }
        },
        "@emotion/hash": {
            "version": "0.8.0",
            "resolved": "https://registry.npmjs.org/@emotion/hash/-/hash-0.8.0.tgz",
            "integrity": "sha512-kBJtf7PH6aWwZ6fka3zQ0p6SBYzx4fl1LoZXE2RrnYST9Xljm7WfKJrU4g/Xr3Beg72MLrp1AWNUmuYJTL7Cow==",
            "dev": true
        },
        "@material-ui/core": {
            "version": "4.9.13",
            "resolved": "https://registry.npmjs.org/@material-ui/core/-/core-4.9.13.tgz",
            "integrity": "sha512-GEXNwUr+laZ0N+F1efmHB64Fyg+uQIRXLqbSejg3ebSXgLYNpIjnMOPRfWdu4rICq0dAIgvvNXGkKDMcf3AMpA==",
            "dev": true,
            "requires": {
                "@babel/runtime": "^7.4.4",
                "@material-ui/react-transition-group": "^4.3.0",
                "@material-ui/styles": "^4.9.13",
                "@material-ui/system": "^4.9.13",
                "@material-ui/types": "^5.0.1",
                "@material-ui/utils": "^4.9.12",
                "@types/react-transition-group": "^4.2.0",
                "clsx": "^1.0.4",
                "hoist-non-react-statics": "^3.3.2",
                "popper.js": "^1.16.1-lts",
                "prop-types": "^15.7.2",
                "react-is": "^16.8.0",
                "react-transition-group": "^4.3.0"
            }
        },
        "@material-ui/react-transition-group": {
            "version": "4.3.0",
            "resolved": "https://registry.npmjs.org/@material-ui/react-transition-group/-/react-transition-group-4.3.0.tgz",
            "integrity": "sha512-CwQ0aXrlUynUTY6sh3UvKuvye1o92en20VGAs6TORnSxUYeRmkX8YeTUN3lAkGiBX1z222FxLFO36WWh6q73rQ==",
            "dev": true,
            "requires": {
                "@babel/runtime": "^7.5.5",
                "dom-helpers": "^5.0.1",
                "loose-envify": "^1.4.0",
                "prop-types": "^15.6.2"
            }
        },
        "@material-ui/styles": {
            "version": "4.9.13",
            "resolved": "https://registry.npmjs.org/@material-ui/styles/-/styles-4.9.13.tgz",
            "integrity": "sha512-lWlXJanBdHQ18jW/yphedRokHcvZD1GdGzUF/wQxKDsHwDDfO45ZkAxuSBI202dG+r1Ph483Z3pFykO2obeSRA==",
            "dev": true,
            "requires": {
                "@babel/runtime": "^7.4.4",
                "@emotion/hash": "^0.8.0",
                "@material-ui/types": "^5.0.1",
                "@material-ui/utils": "^4.9.6",
                "clsx": "^1.0.4",
                "csstype": "^2.5.2",
                "hoist-non-react-statics": "^3.3.2",
                "jss": "^10.0.3",
                "jss-plugin-camel-case": "^10.0.3",
                "jss-plugin-default-unit": "^10.0.3",
                "jss-plugin-global": "^10.0.3",
                "jss-plugin-nested": "^10.0.3",
                "jss-plugin-props-sort": "^10.0.3",
                "jss-plugin-rule-value-function": "^10.0.3",
                "jss-plugin-vendor-prefixer": "^10.0.3",
                "prop-types": "^15.7.2"
            }
        },
        "@material-ui/system": {
            "version": "4.9.13",
            "resolved": "https://registry.npmjs.org/@material-ui/system/-/system-4.9.13.tgz",
            "integrity": "sha512-6AlpvdW6KJJ5bF1Xo2OD13sCN8k+nlL36412/bWnWZOKIfIMo/Lb8c8d1DOIaT/RKWxTEUaWnKZjabVnA3eZjA==",
            "dev": true,
            "requires": {
                "@babel/runtime": "^7.4.4",
                "@material-ui/utils": "^4.9.6",
                "prop-types": "^15.7.2"
            }
        },
        "@material-ui/types": {
            "version": "5.0.1",
            "resolved": "https://registry.npmjs.org/@material-ui/types/-/types-5.0.1.tgz",
            "integrity": "sha512-wURPSY7/3+MAtng3i26g+WKwwNE3HEeqa/trDBR5+zWKmcjO+u9t7Npu/J1r+3dmIa/OeziN9D/18IrBKvKffw==",
            "dev": true
        },
        "@material-ui/utils": {
            "version": "4.9.12",
            "resolved": "https://registry.npmjs.org/@material-ui/utils/-/utils-4.9.12.tgz",
            "integrity": "sha512-/0rgZPEOcZq5CFA4+4n6Q6zk7fi8skHhH2Bcra8R3epoJEYy5PL55LuMazPtPH1oKeRausDV/Omz4BbgFsn1HQ==",
            "dev": true,
            "requires": {
                "@babel/runtime": "^7.4.4",
                "prop-types": "^15.7.2",
                "react-is": "^16.8.0"
            }
        },
        "@types/prop-types": {
            "version": "15.7.3",
            "resolved": "https://registry.npmjs.org/@types/prop-types/-/prop-types-15.7.3.tgz",
            "integrity": "sha512-KfRL3PuHmqQLOG+2tGpRO26Ctg+Cq1E01D2DMriKEATHgWLfeNDmq9e29Q9WIky0dQ3NPkd1mzYH8Lm936Z9qw==",
            "dev": true
        },
        "@types/react": {
            "version": "16.9.34",
            "resolved": "https://registry.npmjs.org/@types/react/-/react-16.9.34.tgz",
            "integrity": "sha512-8AJlYMOfPe1KGLKyHpflCg5z46n0b5DbRfqDksxBLBTUpB75ypDBAO9eCUcjNwE6LCUslwTz00yyG/X9gaVtow==",
            "dev": true,
            "requires": {
                "@types/prop-types": "*",
                "csstype": "^2.2.0"
            }
        },
        "@types/react-transition-group": {
            "version": "4.2.4",
            "resolved": "https://registry.npmjs.org/@types/react-transition-group/-/react-transition-group-4.2.4.tgz",
            "integrity": "sha512-8DMUaDqh0S70TjkqU0DxOu80tFUiiaS9rxkWip/nb7gtvAsbqOXm02UCmR8zdcjWujgeYPiPNTVpVpKzUDotwA==",
            "dev": true,
            "requires": {
                "@types/react": "*"
            }
        },
        "balanced-match": {
            "version": "1.0.0",
            "resolved": "https://registry.npmjs.org/balanced-match/-/balanced-match-1.0.0.tgz",
            "integrity": "sha1-ibTRmasr7kneFk6gK4nORi1xt2c=",
            "dev": true
        },
        "brace-expansion": {
            "version": "1.1.11",
            "resolved": "https://registry.npmjs.org/brace-expansion/-/brace-expansion-1.1.11.tgz",
            "integrity": "sha512-iCuPHDFgrHX7H2vEI/5xpz07zSHB00TpugqhmYtVmMO6518mCuRMoOYFldEBl0g187ufozdaHgWKcYFb61qGiA==",
            "dev": true,
            "requires": {
                "balanced-match": "^1.0.0",
                "concat-map": "0.0.1"
            }
        },
        "clsx": {
            "version": "1.1.0",
            "resolved": "https://registry.npmjs.org/clsx/-/clsx-1.1.0.tgz",
            "integrity": "sha512-3avwM37fSK5oP6M5rQ9CNe99lwxhXDOeSWVPAOYF6OazUTgZCMb0yWlJpmdD74REy1gkEaFiub2ULv4fq9GUhA==",
            "dev": true
        },
        "concat-map": {
            "version": "0.0.1",
            "resolved": "https://registry.npmjs.org/concat-map/-/concat-map-0.0.1.tgz",
            "integrity": "sha1-2Klr13/Wjfd5OnMDajug1UBdR3s=",
            "dev": true
        },
        "css-vendor": {
            "version": "2.0.8",
            "resolved": "https://registry.npmjs.org/css-vendor/-/css-vendor-2.0.8.tgz",
            "integrity": "sha512-x9Aq0XTInxrkuFeHKbYC7zWY8ai7qJ04Kxd9MnvbC1uO5DagxoHQjm4JvG+vCdXOoFtCjbL2XSZfxmoYa9uQVQ==",
            "dev": true,
            "requires": {
                "@babel/runtime": "^7.8.3",
                "is-in-browser": "^1.0.2"
            }
        },
        "csstype": {
            "version": "2.6.10",
            "resolved": "https://registry.npmjs.org/csstype/-/csstype-2.6.10.tgz",
            "integrity": "sha512-D34BqZU4cIlMCY93rZHbrq9pjTAQJ3U8S8rfBqjwHxkGPThWFjzZDQpgMJY0QViLxth6ZKYiwFBo14RdN44U/w==",
            "dev": true
        },
        "dom-helpers": {
            "version": "5.1.4",
            "resolved": "https://registry.npmjs.org/dom-helpers/-/dom-helpers-5.1.4.tgz",
            "integrity": "sha512-TjMyeVUvNEnOnhzs6uAn9Ya47GmMo3qq7m+Lr/3ON0Rs5kHvb8I+SQYjLUSYn7qhEm0QjW0yrBkvz9yOrwwz1A==",
            "dev": true,
            "requires": {
                "@babel/runtime": "^7.8.7",
                "csstype": "^2.6.7"
            }
        },
        "fs.realpath": {
            "version": "1.0.0",
            "resolved": "https://registry.npmjs.org/fs.realpath/-/fs.realpath-1.0.0.tgz",
            "integrity": "sha1-FQStJSMVjKpA20onh8sBQRmU6k8=",
            "dev": true
        },
        "glob": {
            "version": "7.1.6",
            "resolved": "https://registry.npmjs.org/glob/-/glob-7.1.6.tgz",
            "integrity": "sha512-LwaxwyZ72Lk7vZINtNNrywX0ZuLyStrdDtabefZKAY5ZGJhVtgdznluResxNmPitE0SAO+O26sWTHeKSI2wMBA==",
            "dev": true,
            "requires": {
                "fs.realpath": "^1.0.0",
                "inflight": "^1.0.4",
                "inherits": "2",
                "minimatch": "^3.0.4",
                "once": "^1.3.0",
                "path-is-absolute": "^1.0.0"
            }
        },
        "hoist-non-react-statics": {
            "version": "3.3.2",
            "resolved": "https://registry.npmjs.org/hoist-non-react-statics/-/hoist-non-react-statics-3.3.2.tgz",
            "integrity": "sha512-/gGivxi8JPKWNm/W0jSmzcMPpfpPLc3dY/6GxhX2hQ9iGj3aDfklV4ET7NjKpSinLpJ5vafa9iiGIEZg10SfBw==",
            "dev": true,
            "requires": {
                "react-is": "^16.7.0"
            }
        },
        "hyphenate-style-name": {
            "version": "1.0.3",
            "resolved": "https://registry.npmjs.org/hyphenate-style-name/-/hyphenate-style-name-1.0.3.tgz",
            "integrity": "sha512-EcuixamT82oplpoJ2XU4pDtKGWQ7b00CD9f1ug9IaQ3p1bkHMiKCZ9ut9QDI6qsa6cpUuB+A/I+zLtdNK4n2DQ==",
            "dev": true
        },
        "inflight": {
            "version": "1.0.6",
            "resolved": "https://registry.npmjs.org/inflight/-/inflight-1.0.6.tgz",
            "integrity": "sha1-Sb1jMdfQLQwJvJEKEHW6gWW1bfk=",
            "dev": true,
            "requires": {
                "once": "^1.3.0",
                "wrappy": "1"
            }
        },
        "inherits": {
            "version": "2.0.4",
            "resolved": "https://registry.npmjs.org/inherits/-/inherits-2.0.4.tgz",
            "integrity": "sha512-k/vGaX4/Yla3WzyMCvTQOXYeIHvqOKtnqBduzTHpzpQZzAskKMhZ2K+EnBiSM9zGSoIFeMpXKxa4dYeZIQqewQ==",
            "dev": true
        },
        "is-in-browser": {
            "version": "1.1.3",
            "resolved": "https://registry.npmjs.org/is-in-browser/-/is-in-browser-1.1.3.tgz",
            "integrity": "sha1-Vv9NtoOgeMYILrldrX3GLh0E+DU=",
            "dev": true
        },
        "js-tokens": {
            "version": "4.0.0",
            "resolved": "https://registry.npmjs.org/js-tokens/-/js-tokens-4.0.0.tgz",
            "integrity": "sha512-RdJUflcE3cUzKiMqQgsCu06FPu9UdIJO0beYbPhHN4k6apgJtifcoCtT9bcxOpYBtpD2kCM6Sbzg4CausW/PKQ==",
            "dev": true
        },
        "jss": {
            "version": "10.1.1",
            "resolved": "https://registry.npmjs.org/jss/-/jss-10.1.1.tgz",
            "integrity": "sha512-Xz3qgRUFlxbWk1czCZibUJqhVPObrZHxY3FPsjCXhDld4NOj1BgM14Ir5hVm+Qr6OLqVljjGvoMcCdXNOAbdkQ==",
            "dev": true,
            "requires": {
                "@babel/runtime": "^7.3.1",
                "csstype": "^2.6.5",
                "is-in-browser": "^1.1.3",
                "tiny-warning": "^1.0.2"
            }
        },
        "jss-plugin-camel-case": {
            "version": "10.1.1",
            "resolved": "https://registry.npmjs.org/jss-plugin-camel-case/-/jss-plugin-camel-case-10.1.1.tgz",
            "integrity": "sha512-MDIaw8FeD5uFz1seQBKz4pnvDLnj5vIKV5hXSVdMaAVq13xR6SVTVWkIV/keyTs5txxTvzGJ9hXoxgd1WTUlBw==",
            "dev": true,
            "requires": {
                "@babel/runtime": "^7.3.1",
                "hyphenate-style-name": "^1.0.3",
                "jss": "10.1.1"
            }
        },
        "jss-plugin-default-unit": {
            "version": "10.1.1",
            "resolved": "https://registry.npmjs.org/jss-plugin-default-unit/-/jss-plugin-default-unit-10.1.1.tgz",
            "integrity": "sha512-UkeVCA/b3QEA4k0nIKS4uWXDCNmV73WLHdh2oDGZZc3GsQtlOCuiH3EkB/qI60v2MiCq356/SYWsDXt21yjwdg==",
            "dev": true,
            "requires": {
                "@babel/runtime": "^7.3.1",
                "jss": "10.1.1"
            }
        },
        "jss-plugin-global": {
            "version": "10.1.1",
            "resolved": "https://registry.npmjs.org/jss-plugin-global/-/jss-plugin-global-10.1.1.tgz",
            "integrity": "sha512-VBG3wRyi3Z8S4kMhm8rZV6caYBegsk+QnQZSVmrWw6GVOT/Z4FA7eyMu5SdkorDlG/HVpHh91oFN56O4R9m2VA==",
            "dev": true,
            "requires": {
                "@babel/runtime": "^7.3.1",
                "jss": "10.1.1"
            }
        },
        "jss-plugin-nested": {
            "version": "10.1.1",
            "resolved": "https://registry.npmjs.org/jss-plugin-nested/-/jss-plugin-nested-10.1.1.tgz",
            "integrity": "sha512-ozEu7ZBSVrMYxSDplPX3H82XHNQk2DQEJ9TEyo7OVTPJ1hEieqjDFiOQOxXEj9z3PMqkylnUbvWIZRDKCFYw5Q==",
            "dev": true,
            "requires": {
                "@babel/runtime": "^7.3.1",
                "jss": "10.1.1",
                "tiny-warning": "^1.0.2"
            }
        },
        "jss-plugin-props-sort": {
            "version": "10.1.1",
            "resolved": "https://registry.npmjs.org/jss-plugin-props-sort/-/jss-plugin-props-sort-10.1.1.tgz",
            "integrity": "sha512-g/joK3eTDZB4pkqpZB38257yD4LXB0X15jxtZAGbUzcKAVUHPl9Jb47Y7lYmiGsShiV4YmQRqG1p2DHMYoK91g==",
            "dev": true,
            "requires": {
                "@babel/runtime": "^7.3.1",
                "jss": "10.1.1"
            }
        },
        "jss-plugin-rule-value-function": {
            "version": "10.1.1",
            "resolved": "https://registry.npmjs.org/jss-plugin-rule-value-function/-/jss-plugin-rule-value-function-10.1.1.tgz",
            "integrity": "sha512-ClV1lvJ3laU9la1CUzaDugEcwnpjPTuJ0yGy2YtcU+gG/w9HMInD5vEv7xKAz53Bk4WiJm5uLOElSEshHyhKNw==",
            "dev": true,
            "requires": {
                "@babel/runtime": "^7.3.1",
                "jss": "10.1.1"
            }
        },
        "jss-plugin-vendor-prefixer": {
            "version": "10.1.1",
            "resolved": "https://registry.npmjs.org/jss-plugin-vendor-prefixer/-/jss-plugin-vendor-prefixer-10.1.1.tgz",
            "integrity": "sha512-09MZpQ6onQrhaVSF6GHC4iYifQ7+4YC/tAP6D4ZWeZotvCMq1mHLqNKRIaqQ2lkgANjlEot2JnVi1ktu4+L4pw==",
            "dev": true,
            "requires": {
                "@babel/runtime": "^7.3.1",
                "css-vendor": "^2.0.7",
                "jss": "10.1.1"
            }
        },
        "loose-envify": {
            "version": "1.4.0",
            "resolved": "https://registry.npmjs.org/loose-envify/-/loose-envify-1.4.0.tgz",
            "integrity": "sha512-lyuxPGr/Wfhrlem2CL/UcnUc1zcqKAImBDzukY7Y5F/yQiNdko6+fRLevlw1HgMySw7f611UIY408EtxRSoK3Q==",
            "dev": true,
            "requires": {
                "js-tokens": "^3.0.0 || ^4.0.0"
            }
        },
        "minimatch": {
            "version": "3.0.4",
            "resolved": "https://registry.npmjs.org/minimatch/-/minimatch-3.0.4.tgz",
            "integrity": "sha512-yJHVQEhyqPLUTgt9B83PXu6W3rx4MvvHvSUvToogpwoGDOUQ+yDrR0HRot+yOCdCO7u4hX3pWft6kWBBcqh0UA==",
            "dev": true,
            "requires": {
                "brace-expansion": "^1.1.7"
            }
        },
        "object-assign": {
            "version": "4.1.1",
            "resolved": "https://registry.npmjs.org/object-assign/-/object-assign-4.1.1.tgz",
            "integrity": "sha1-IQmtx5ZYh8/AXLvUQsrIv7s2CGM=",
            "dev": true
        },
        "once": {
            "version": "1.4.0",
            "resolved": "https://registry.npmjs.org/once/-/once-1.4.0.tgz",
            "integrity": "sha1-WDsap3WWHUsROsF9nFC6753Xa9E=",
            "dev": true,
            "requires": {
                "wrappy": "1"
            }
        },
        "path-is-absolute": {
            "version": "1.0.1",
            "resolved": "https://registry.npmjs.org/path-is-absolute/-/path-is-absolute-1.0.1.tgz",
            "integrity": "sha1-F0uSaHNVNP+8es5r9TpanhtcX18=",
            "dev": true
        },
        "popper.js": {
            "version": "1.16.1",
            "resolved": "https://registry.npmjs.org/popper.js/-/popper.js-1.16.1.tgz",
            "integrity": "sha512-Wb4p1J4zyFTbM+u6WuO4XstYx4Ky9Cewe4DWrel7B0w6VVICvPwdOpotjzcf6eD8TsckVnIMNONQyPIUFOUbCQ==",
            "dev": true
        },
        "prop-types": {
            "version": "15.7.2",
            "resolved": "https://registry.npmjs.org/prop-types/-/prop-types-15.7.2.tgz",
            "integrity": "sha512-8QQikdH7//R2vurIJSutZ1smHYTcLpRWEOlHnzcWHmBYrOGUysKwSsrC89BCiFj3CbrfJ/nXFdJepOVrY1GCHQ==",
            "dev": true,
            "requires": {
                "loose-envify": "^1.4.0",
                "object-assign": "^4.1.1",
                "react-is": "^16.8.1"
            }
        },
        "react": {
            "version": "16.13.1",
            "resolved": "https://registry.npmjs.org/react/-/react-16.13.1.tgz",
            "integrity": "sha512-YMZQQq32xHLX0bz5Mnibv1/LHb3Sqzngu7xstSM+vrkE5Kzr9xE0yMByK5kMoTK30YVJE61WfbxIFFvfeDKT1w==",
            "dev": true,
            "requires": {
                "loose-envify": "^1.1.0",
                "object-assign": "^4.1.1",
                "prop-types": "^15.6.2"
            }
        },
        "react-is": {
            "version": "16.13.1",
            "resolved": "https://registry.npmjs.org/react-is/-/react-is-16.13.1.tgz",
            "integrity": "sha512-24e6ynE2H+OKt4kqsOvNd8kBpV65zoxbA4BVsEOB3ARVWQki/DHzaUoC5KuON/BiccDaCCTZBuOcfZs70kR8bQ==",
            "dev": true
        },
        "react-transition-group": {
            "version": "4.3.0",
            "resolved": "https://registry.npmjs.org/react-transition-group/-/react-transition-group-4.3.0.tgz",
            "integrity": "sha512-1qRV1ZuVSdxPlPf4O8t7inxUGpdyO5zG9IoNfJxSO0ImU2A1YWkEQvFPuIPZmMLkg5hYs7vv5mMOyfgSkvAwvw==",
            "dev": true,
            "requires": {
                "@babel/runtime": "^7.5.5",
                "dom-helpers": "^5.0.1",
                "loose-envify": "^1.4.0",
                "prop-types": "^15.6.2"
            }
        },
        "regenerator-runtime": {
            "version": "0.13.5",
            "resolved": "https://registry.npmjs.org/regenerator-runtime/-/regenerator-runtime-0.13.5.tgz",
            "integrity": "sha512-ZS5w8CpKFinUzOwW3c83oPeVXoNsrLsaCoLtJvAClH135j/R77RuymhiSErhm2lKcwSCIpmvIWSbDkIfAqKQlA==",
            "dev": true
        },
        "rimraf": {
            "version": "3.0.2",
            "resolved": "https://registry.npmjs.org/rimraf/-/rimraf-3.0.2.tgz",
            "integrity": "sha512-JZkJMZkAGFFPP2YqXZXPbMlMBgsxzE8ILs4lMIX/2o0L9UBw9O/Y3o6wFw/i9YLapcUJWwqbi3kdxIPdC62TIA==",
            "dev": true,
            "requires": {
                "glob": "^7.1.3"
            }
        },
        "tiny-warning": {
            "version": "1.0.3",
            "resolved": "https://registry.npmjs.org/tiny-warning/-/tiny-warning-1.0.3.tgz",
            "integrity": "sha512-lBN9zLN/oAf68o3zNXYrdCt1kP8WsiGW8Oo2ka41b2IM5JL/S1CTyX1rW0mb/zSuJun0ZUrDxx4sqvYS2FWzPA==",
            "dev": true
        },
        "typescript": {
            "version": "3.8.3",
            "resolved": "https://registry.npmjs.org/typescript/-/typescript-3.8.3.tgz",
            "integrity": "sha512-MYlEfn5VrLNsgudQTVJeNaQFUAI7DkhnOjdpAp4T+ku1TfQClewlbSuTVHiA+8skNBgaf02TL/kLOvig4y3G8w==",
            "dev": true
        },
        "wrappy": {
            "version": "1.0.2",
            "resolved": "https://registry.npmjs.org/wrappy/-/wrappy-1.0.2.tgz",
            "integrity": "sha1-tSQ9jz7BqjXxNkYFvA0QNuMKtp8=",
            "dev": true
        }
    }
}
